
Microsoft Visual Studio Solution File, Format Version 12.00
# Visual Studio Version 17
VisualStudioVersion = 17.11.35222.181
MinimumVisualStudioVersion = 10.0.40219.1
Project("{8BC9CEB8-8B4A-11D0-8D11-00A0C91BC942}") = "POC-SDL", "POC-SDL\POC-SDL.vcxproj", "{21595BD2-CD57-4718-A9C3-0BE84DFB26C9}"
EndProject
Project("{8BC9CEB8-8B4A-11D0-8D11-00A0C91BC942}") = "POC_input", "POC_input\POC_input.vcxproj", "{40C4FA05-B154-46A3-8D9D-EA286B3E53B3}"
EndProject
Project("{8BC9CEB8-8B4A-11D0-8D11-00A0C91BC942}") = "POC_controlGameSpeed", "POC_controlGameSpeed\POC_controlGameSpeed.vcxproj", "{4AE9B969-219A-4FC5-988D-471E8D95DB7F}"
EndProject
Project("{8BC9CEB8-8B4A-11D0-8D11-00A0C91BC942}") = "POC_color", "POC_color\POC_color.vcxproj", "{BC263731-BFD4-49CC-B78F-B19380C39C34}"
EndProject
Project("{8BC9CEB8-8B4A-11D0-8D11-00A0C91BC942}") = "POC_soundfont", "POC_soundfont\POC_soundfont.vcxproj", "{4515A132-BA7E-4755-AD6C-3DEF73AF60F3}"
EndProject
Project("{8BC9CEB8-8B4A-11D0-8D11-00A0C91BC942}") = "POC_ECS", "POC_ECS\POC_ECS.vcxproj", "{C8943777-51CC-4045-A1C9-847CFEEAE21F}"
EndProject
Project("{8BC9CEB8-8B4A-11D0-8D11-00A0C91BC942}") = "POC_LayeredAudio", "POC_LayeredAudio\POC_LayeredAudio.vcxproj", "{E1EA85A7-8D7D-4902-97D8-664658334D93}"
EndProject
Global
	GlobalSection(SolutionConfigurationPlatforms) = preSolution
		Debug|x64 = Debug|x64
		Debug|x86 = Debug|x86
		Release|x64 = Release|x64
		Release|x86 = Release|x86
	EndGlobalSection
	GlobalSection(ProjectConfigurationPlatforms) = postSolution
		{21595BD2-CD57-4718-A9C3-0BE84DFB26C9}.Debug|x64.ActiveCfg = Debug|x64
		{21595BD2-CD57-4718-A9C3-0BE84DFB26C9}.Debug|x64.Build.0 = Debug|x64
		{21595BD2-CD57-4718-A9C3-0BE84DFB26C9}.Debug|x86.ActiveCfg = Debug|Win32
		{21595BD2-CD57-4718-A9C3-0BE84DFB26C9}.Debug|x86.Build.0 = Debug|Win32
		{21595BD2-CD57-4718-A9C3-0BE84DFB26C9}.Release|x64.ActiveCfg = Release|x64
		{21595BD2-CD57-4718-A9C3-0BE84DFB26C9}.Release|x64.Build.0 = Release|x64
		{21595BD2-CD57-4718-A9C3-0BE84DFB26C9}.Release|x86.ActiveCfg = Release|Win32
		{21595BD2-CD57-4718-A9C3-0BE84DFB26C9}.Release|x86.Build.0 = Release|Win32
		{40C4FA05-B154-46A3-8D9D-EA286B3E53B3}.Debug|x64.ActiveCfg = Debug|x64
		{40C4FA05-B154-46A3-8D9D-EA286B3E53B3}.Debug|x64.Build.0 = Debug|x64
		{40C4FA05-B154-46A3-8D9D-EA286B3E53B3}.Debug|x86.ActiveCfg = Debug|Win32
		{40C4FA05-B154-46A3-8D9D-EA286B3E53B3}.Debug|x86.Build.0 = Debug|Win32
		{40C4FA05-B154-46A3-8D9D-EA286B3E53B3}.Release|x64.ActiveCfg = Release|x64
		{40C4FA05-B154-46A3-8D9D-EA286B3E53B3}.Release|x64.Build.0 = Release|x64
		{40C4FA05-B154-46A3-8D9D-EA286B3E53B3}.Release|x86.ActiveCfg = Release|Win32
		{40C4FA05-B154-46A3-8D9D-EA286B3E53B3}.Release|x86.Build.0 = Release|Win32
		{4AE9B969-219A-4FC5-988D-471E8D95DB7F}.Debug|x64.ActiveCfg = Debug|x64
		{4AE9B969-219A-4FC5-988D-471E8D95DB7F}.Debug|x64.Build.0 = Debug|x64
		{4AE9B969-219A-4FC5-988D-471E8D95DB7F}.Debug|x86.ActiveCfg = Debug|Win32
		{4AE9B969-219A-4FC5-988D-471E8D95DB7F}.Debug|x86.Build.0 = Debug|Win32
		{4AE9B969-219A-4FC5-988D-471E8D95DB7F}.Release|x64.ActiveCfg = Release|x64
		{4AE9B969-219A-4FC5-988D-471E8D95DB7F}.Release|x64.Build.0 = Release|x64
		{4AE9B969-219A-4FC5-988D-471E8D95DB7F}.Release|x86.ActiveCfg = Release|Win32
		{4AE9B969-219A-4FC5-988D-471E8D95DB7F}.Release|x86.Build.0 = Release|Win32
		{BC263731-BFD4-49CC-B78F-B19380C39C34}.Debug|x64.ActiveCfg = Debug|x64
		{BC263731-BFD4-49CC-B78F-B19380C39C34}.Debug|x64.Build.0 = Debug|x64
		{BC263731-BFD4-49CC-B78F-B19380C39C34}.Debug|x86.ActiveCfg = Debug|Win32
		{BC263731-BFD4-49CC-B78F-B19380C39C34}.Debug|x86.Build.0 = Debug|Win32
		{BC263731-BFD4-49CC-B78F-B19380C39C34}.Release|x64.ActiveCfg = Release|x64
		{BC263731-BFD4-49CC-B78F-B19380C39C34}.Release|x64.Build.0 = Release|x64
		{BC263731-BFD4-49CC-B78F-B19380C39C34}.Release|x86.ActiveCfg = Release|Win32
		{BC263731-BFD4-49CC-B78F-B19380C39C34}.Release|x86.Build.0 = Release|Win32
		{4515A132-BA7E-4755-AD6C-3DEF73AF60F3}.Debug|x64.ActiveCfg = Debug|x64
		{4515A132-BA7E-4755-AD6C-3DEF73AF60F3}.Debug|x64.Build.0 = Debug|x64
		{4515A132-BA7E-4755-AD6C-3DEF73AF60F3}.Debug|x86.ActiveCfg = Debug|Win32
		{4515A132-BA7E-4755-AD6C-3DEF73AF60F3}.Debug|x86.Build.0 = Debug|Win32
		{4515A132-BA7E-4755-AD6C-3DEF73AF60F3}.Release|x64.ActiveCfg = Release|x64
		{4515A132-BA7E-4755-AD6C-3DEF73AF60F3}.Release|x64.Build.0 = Release|x64
		{4515A132-BA7E-4755-AD6C-3DEF73AF60F3}.Release|x86.ActiveCfg = Release|Win32
		{4515A132-BA7E-4755-AD6C-3DEF73AF60F3}.Release|x86.Build.0 = Release|Win32
		{C8943777-51CC-4045-A1C9-847CFEEAE21F}.Debug|x64.ActiveCfg = Debug|x64
		{C8943777-51CC-4045-A1C9-847CFEEAE21F}.Debug|x64.Build.0 = Debug|x64
		{C8943777-51CC-4045-A1C9-847CFEEAE21F}.Debug|x86.ActiveCfg = Debug|Win32
		{C8943777-51CC-4045-A1C9-847CFEEAE21F}.Debug|x86.Build.0 = Debug|Win32
		{C8943777-51CC-4045-A1C9-847CFEEAE21F}.Release|x64.ActiveCfg = Release|x64
		{C8943777-51CC-4045-A1C9-847CFEEAE21F}.Release|x64.Build.0 = Release|x64
		{C8943777-51CC-4045-A1C9-847CFEEAE21F}.Release|x86.ActiveCfg = Release|Win32
		{C8943777-51CC-4045-A1C9-847CFEEAE21F}.Release|x86.Build.0 = Release|Win32
		{E1EA85A7-8D7D-4902-97D8-664658334D93}.Debug|x64.ActiveCfg = Debug|x64
		{E1EA85A7-8D7D-4902-97D8-664658334D93}.Debug|x64.Build.0 = Debug|x64
		{E1EA85A7-8D7D-4902-97D8-664658334D93}.Debug|x86.ActiveCfg = Debug|Win32
		{E1EA85A7-8D7D-4902-97D8-664658334D93}.Debug|x86.Build.0 = Debug|Win32
		{E1EA85A7-8D7D-4902-97D8-664658334D93}.Release|x64.ActiveCfg = Release|x64
		{E1EA85A7-8D7D-4902-97D8-664658334D93}.Release|x64.Build.0 = Release|x64
		{E1EA85A7-8D7D-4902-97D8-664658334D93}.Release|x86.ActiveCfg = Release|Win32
		{E1EA85A7-8D7D-4902-97D8-664658334D93}.Release|x86.Build.0 = Release|Win32
	EndGlobalSection
	GlobalSection(SolutionProperties) = preSolution
		HideSolutionNode = FALSE
	EndGlobalSection
	GlobalSection(ExtensibilityGlobals) = postSolution
		SolutionGuid = {69A38F5C-9A8E-4265-ABDB-6AA3C45F8E0E}
	EndGlobalSection
EndGlobal
